{
  "name": "cccc-weixin-sidecar",
  "lockfileVersion": 3,
  "requires": true,
  "packages": {
    "": {
      "name": "cccc-weixin-sidecar",
      "dependencies": {
        "weixin-agent-sdk": "0.4.0"
      },
      "engines": {
        "node": ">=22"
      }
    },
    "node_modules/qrcode-terminal": {
      "version": "0.12.0",
      "resolved": "https://registry.npmmirror.com/qrcode-terminal/-/qrcode-terminal-0.12.0.tgz",
      "integrity": "sha512-EXtzRZmC+YGmGlDFbXKxQiMZNwCLEO6BANKXG4iCtSIM0yqc/pappSx3RIKr4r0uh5JsBckOXeKrB3Iz7mdQpQ==",
      "bin": {
        "qrcode-terminal": "bin/qrcode-terminal.js"
      }
    },
    "node_modules/weixin-agent-sdk": {
      "version": "0.4.0",
      "resolved": "https://registry.npmmirror.com/weixin-agent-sdk/-/weixin-agent-sdk-0.4.0.tgz",
      "integrity": "sha512-r3dZEqy5ht/SdMyLnm666f8VYT8akPdgjwBcPtkrf09i4XE+aP38x03Ls1XvPf7L8Ej4pRp/eehG/6plmM8evg==",
      "license": "MIT",
      "dependencies": {
        "qrcode-terminal": "0.12.0"
      },
      "engines": {
        "node": ">=22"
      }
    }
  }
}
